
Microsoft Visual Studio Solution File, Format Version 12.00
Project("{FAE04EC0-301F-11D3-BF4B-00C04F79EFBC}") = "PracticeRefAndOutCSharp", "PracticeRefAndOutCSharp\PracticeRefAndOutCSharp.csproj", "{ED30491E-985E-4544-B417-8E7E1F97047C}"
EndProject
Global
	GlobalSection(SolutionConfigurationPlatforms) = preSolution
		Debug|Any CPU = Debug|Any CPU
		Release|Any CPU = Release|Any CPU
	EndGlobalSection
	GlobalSection(ProjectConfigurationPlatforms) = postSolution
		{ED30491E-985E-4544-B417-8E7E1F97047C}.Debug|Any CPU.ActiveCfg = Debug|Any CPU
		{ED30491E-985E-4544-B417-8E7E1F97047C}.Debug|Any CPU.Build.0 = Debug|Any CPU
		{ED30491E-985E-4544-B417-8E7E1F97047C}.Release|Any CPU.ActiveCfg = Release|Any CPU
		{ED30491E-985E-4544-B417-8E7E1F97047C}.Release|Any CPU.Build.0 = Release|Any CPU
	EndGlobalSection
EndGlobal
